{
  "version": 4,
  "terraform_version": "1.14.3",
  "serial": 5,
  "lineage": "9ad1c905-6a07-f938-8ccd-8fb0c3bcfe67",
  "outputs": {
    "master_ip": {
      "value": "172.30.30.170",
      "type": "string"
    },
    "worker_ip": {
      "value": "172.30.26.26",
      "type": "string"
    }
  },
  "resources": [
    {
      "mode": "managed",
      "type": "local_file",
      "name": "worker_cloudinit_rendered",
      "provider": "provider[\"registry.terraform.io/hashicorp/local\"]",
      "instances": [
        {
          "schema_version": 0,
          "attributes": {
            "content": "#cloud-config\r\npackage_update: false\r\npackage_upgrade: false\r\nruncmd:\r\n  - |\r\n    (\r\n    # Wait until Master API Server (6443) is reachable\r\n    until curl -k https://172.30.30.170:6443; do sleep 5; done\r\n    # Install K3s Agent and join the cluster\r\n    curl -sfL https://get.k3s.io | K3S_URL=https://172.30.30.170:6443 \\\r\n    K3S_TOKEN=\"k8s-otomatik-sifre-2026\" sh -\r\n    ) \u0026\r\n  - ufw disable",
            "content_base64": null,
            "content_base64sha256": "TYnItAFwg2bF4b7/bononftZRKxR/a1fv8bR+hzokdg=",
            "content_base64sha512": "mRn0pvP7CQUyF31X7ZRqHP2A42L9IQP6nowilNm3GrYpMRBOTPF/qa+Fmbu3uX9uRXOScv4ZXC4mU7a8W7UEog==",
            "content_md5": "bea7528a039092f27137c1d8baedf526",
            "content_sha1": "f2601ae31951990cc3fcd2a348cfc9a766a13adc",
            "content_sha256": "4d89c8b401708366c5e1beff6e89e89dfb5944ac51fdad5fbfc6d1fa1ce891d8",
            "content_sha512": "9919f4a6f3fb090532177d57ed946a1cfd80e362fd2103fa9e8c2294d9b71ab62931104e4cf17fa9af8599bbb7b97f6e45739272fe195c2e2653b6bc5bb504a2",
            "directory_permission": "0777",
            "file_permission": "0777",
            "filename": "./worker_setup_rendered.yaml",
            "id": "f2601ae31951990cc3fcd2a348cfc9a766a13adc",
            "sensitive_content": null,
            "source": null
          },
          "sensitive_attributes": [
            [
              {
                "type": "get_attr",
                "value": "sensitive_content"
              }
            ]
          ],
          "identity_schema_version": 0,
          "dependencies": [
            "multipass_instance.master"
          ]
        }
      ]
    },
    {
      "mode": "managed",
      "type": "multipass_instance",
      "name": "master",
      "provider": "provider[\"registry.terraform.io/larstobi/multipass\"]",
      "instances": [
        {
          "schema_version": 0,
          "attributes": {
            "cloudinit_file": "master_setup.yaml",
            "cpus": 2,
            "disk": "10G",
            "image": null,
            "ipv4": "172.30.30.170",
            "memory": "2G",
            "name": "k8s-master"
          },
          "sensitive_attributes": [],
          "identity_schema_version": 0
        }
      ]
    },
    {
      "mode": "managed",
      "type": "multipass_instance",
      "name": "worker",
      "provider": "provider[\"registry.terraform.io/larstobi/multipass\"]",
      "instances": [
        {
          "schema_version": 0,
          "attributes": {
            "cloudinit_file": "./worker_setup_rendered.yaml",
            "cpus": 2,
            "disk": "10G",
            "image": null,
            "ipv4": "172.30.26.26",
            "memory": "2G",
            "name": "k8s-worker"
          },
          "sensitive_attributes": [],
          "identity_schema_version": 0,
          "dependencies": [
            "local_file.worker_cloudinit_rendered",
            "multipass_instance.master"
          ]
        }
      ]
    }
  ],
  "check_results": null
}
